
Microsoft Visual Studio Solution File, Format Version 11.00
# Visual Studio 2010
Project("{FAE04EC0-301F-11D3-BF4B-00C04F79EFBC}") = "DDNSPod", "DDNSPod.csproj", "{EDE05726-E9DC-42F7-AAAB-B2C20E724B64}"
EndProject
Global
	GlobalSection(SolutionConfigurationPlatforms) = preSolution
		Debug|x86 = Debug|x86
		Release|x86 = Release|x86
	EndGlobalSection
	GlobalSection(ProjectConfigurationPlatforms) = postSolution
		{EDE05726-E9DC-42F7-AAAB-B2C20E724B64}.Debug|x86.ActiveCfg = Debug|x86
		{EDE05726-E9DC-42F7-AAAB-B2C20E724B64}.Debug|x86.Build.0 = Debug|x86
		{EDE05726-E9DC-42F7-AAAB-B2C20E724B64}.Release|x86.ActiveCfg = Release|x86
		{EDE05726-E9DC-42F7-AAAB-B2C20E724B64}.Release|x86.Build.0 = Release|x86
	EndGlobalSection
	GlobalSection(SolutionProperties) = preSolution
		HideSolutionNode = FALSE
	EndGlobalSection
EndGlobal
